# generated by rye
# use `rye lock` or `rye sync` to update this lockfile
#
# last locked with the following flags:
#   pre: false
#   features: []
#   all-features: false
#   with-sources: true

--index-url https://pypi.org/simple/
--find-links https://download.pytorch.org/whl/torch_stable.html

-e file:.
absl-py==2.1.0
    # via tensorboard
    # via tensorflow
agogos==0.4
    # via epochalyst
aiofiles==23.2.1
    # via xeno-canto
aiohttp==3.9.5
    # via xeno-canto
aiosignal==1.3.1
    # via aiohttp
annotated-types==0.7.0
    # via iv-q4-birdclef-2024
antlr4-python3-runtime==4.9.3
    # via hydra-core
    # via omegaconf
anyio==4.4.0
    # via httpx
    # via jupyter-server
argon2-cffi==23.1.0
    # via jupyter-server
argon2-cffi-bindings==21.2.0
    # via argon2-cffi
arrow==1.3.0
    # via isoduration
asttokens==2.4.1
    # via stack-data
astunparse==1.6.3
    # via tensorflow
async-lru==2.0.4
    # via jupyterlab
async-timeout==4.0.3
    # via aiohttp
attrs==23.2.0
    # via aiohttp
    # via jsonschema
    # via referencing
audiomentations==0.36.0
audioread==3.0.1
    # via librosa
babel==2.15.0
    # via jupyterlab-server
beautifulsoup4==4.12.3
    # via nbconvert
bleach==6.1.0
    # via kaggle
    # via nbconvert
cachetools==5.3.3
    # via google-auth
certifi==2024.6.2
    # via httpcore
    # via httpx
    # via kaggle
    # via requests
    # via sentry-sdk
cffi==1.16.0
    # via argon2-cffi-bindings
    # via soundfile
cfgv==3.4.0
    # via pre-commit
charset-normalizer==3.3.2
    # via requests
click==8.1.7
    # via dask
    # via wandb
cloudpickle==3.0.0
    # via dask
coloredlogs==15.0.1
    # via iv-q4-birdclef-2024
    # via onnxruntime
comm==0.2.2
    # via ipykernel
    # via ipywidgets
contourpy==1.2.1
    # via matplotlib
coverage==7.5.3
    # via pytest-cov
cycler==0.12.1
    # via matplotlib
dask==2024.6.0
    # via dask-expr
    # via iv-q4-birdclef-2024
dask-expr==1.1.3
    # via iv-q4-birdclef-2024
debugpy==1.8.1
    # via ipykernel
decorator==5.1.1
    # via ipython
    # via librosa
defusedxml==0.7.1
    # via nbconvert
distlib==0.3.8
    # via virtualenv
docker-pycreds==0.4.0
    # via wandb
epochalyst==0.3.2
    # via iv-q4-birdclef-2024
exceptiongroup==1.2.1
    # via anyio
    # via ipython
    # via pytest
executing==2.0.1
    # via stack-data
fastjsonschema==2.20.0
    # via nbformat
filelock==3.15.1
    # via huggingface-hub
    # via torch
    # via triton
    # via virtualenv
fire==0.6.0
    # via randomname
flatbuffers==24.3.25
    # via onnxruntime
    # via tensorflow
fonttools==4.53.0
    # via matplotlib
fqdn==1.5.1
    # via jsonschema
frozenlist==1.4.1
    # via aiohttp
    # via aiosignal
fsspec==2024.6.0
    # via dask
    # via huggingface-hub
    # via torch
gast==0.5.4
    # via tensorflow
gitdb==4.0.11
    # via gitpython
gitpython==3.1.43
    # via wandb
google-auth==2.30.0
    # via google-auth-oauthlib
    # via tensorboard
google-auth-oauthlib==1.0.0
    # via tensorboard
google-pasta==0.2.0
    # via tensorflow
grpcio==1.64.1
    # via tensorboard
    # via tensorflow
h11==0.14.0
    # via httpcore
h5py==3.11.0
    # via tensorflow
httpcore==1.0.5
    # via httpx
httpx==0.27.0
    # via jupyterlab
huggingface-hub==0.23.4
    # via timm
humanfriendly==10.0
    # via coloredlogs
hydra-core==1.3.2
    # via iv-q4-birdclef-2024
identify==2.5.36
    # via pre-commit
idna==3.7
    # via anyio
    # via httpx
    # via jsonschema
    # via requests
    # via yarl
importlib-metadata==7.1.0
    # via dask
iniconfig==2.0.0
    # via pytest
ipykernel==6.29.4
    # via jupyter
    # via jupyter-console
    # via jupyterlab
    # via qtconsole
ipython==8.25.0
    # via ipykernel
    # via ipywidgets
    # via jupyter-console
ipywidgets==8.1.3
    # via jupyter
isoduration==20.11.0
    # via jsonschema
jedi==0.19.1
    # via ipython
jinja2==3.1.4
    # via jupyter-server
    # via jupyterlab
    # via jupyterlab-server
    # via nbconvert
    # via torch
joblib==1.4.2
    # via agogos
    # via librosa
    # via scikit-learn
json5==0.9.25
    # via jupyterlab-server
jsonpointer==3.0.0
    # via jsonschema
jsonschema==4.22.0
    # via jupyter-events
    # via jupyterlab-server
    # via nbformat
jsonschema-specifications==2023.12.1
    # via jsonschema
jupyter==1.0.0
jupyter-client==8.6.2
    # via ipykernel
    # via jupyter-console
    # via jupyter-server
    # via nbclient
    # via qtconsole
jupyter-console==6.6.3
    # via jupyter
jupyter-core==5.7.2
    # via ipykernel
    # via jupyter-client
    # via jupyter-console
    # via jupyter-server
    # via jupyterlab
    # via nbclient
    # via nbconvert
    # via nbformat
    # via qtconsole
jupyter-events==0.10.0
    # via jupyter-server
jupyter-lsp==2.2.5
    # via jupyterlab
jupyter-server==2.14.1
    # via jupyter-lsp
    # via jupyterlab
    # via jupyterlab-server
    # via notebook
    # via notebook-shim
jupyter-server-terminals==0.5.3
    # via jupyter-server
jupyterlab==4.2.2
    # via notebook
jupyterlab-pygments==0.3.0
    # via nbconvert
jupyterlab-server==2.27.2
    # via jupyterlab
    # via notebook
jupyterlab-widgets==3.0.11
    # via ipywidgets
kaggle==1.6.14
keras==2.14.0
    # via tensorflow
kiwisolver==1.4.5
    # via matplotlib
kornia==0.7.2
    # via iv-q4-birdclef-2024
kornia-rs==0.1.3
    # via kornia
lazy-loader==0.4
    # via librosa
libclang==18.1.1
    # via tensorflow
librosa==0.10.2.post1
    # via audiomentations
    # via iv-q4-birdclef-2024
llvmlite==0.43.0
    # via numba
locket==1.0.0
    # via partd
markdown==3.6
    # via tensorboard
markupsafe==2.1.5
    # via jinja2
    # via nbconvert
    # via werkzeug
matplotlib==3.9.0
    # via iv-q4-birdclef-2024
    # via seaborn
matplotlib-inline==0.1.7
    # via ipykernel
    # via ipython
mistune==3.0.2
    # via nbconvert
ml-dtypes==0.2.0
    # via tensorflow
mpmath==1.3.0
    # via sympy
msgpack==1.0.8
    # via librosa
multidict==6.0.5
    # via aiohttp
    # via yarl
nbclient==0.10.0
    # via nbconvert
nbconvert==7.16.4
    # via jupyter
    # via jupyter-server
nbformat==5.10.4
    # via jupyter-server
    # via nbclient
    # via nbconvert
nest-asyncio==1.6.0
    # via ipykernel
networkx==3.3
    # via torch
nodeenv==1.9.1
    # via pre-commit
notebook==7.2.1
    # via jupyter
notebook-shim==0.2.4
    # via jupyterlab
    # via notebook
numba==0.60.0
    # via librosa
numpy==1.26.4
    # via audiomentations
    # via contourpy
    # via epochalyst
    # via h5py
    # via iv-q4-birdclef-2024
    # via librosa
    # via matplotlib
    # via ml-dtypes
    # via numba
    # via onnx
    # via onnxruntime
    # via opt-einsum
    # via pandas
    # via pyarrow
    # via scikit-learn
    # via scipy
    # via seaborn
    # via soxr
    # via tensorboard
    # via tensorflow
    # via tensorflow-hub
    # via torchvision
nvidia-cublas-cu11==11.11.3.6
    # via nvidia-cudnn-cu11
    # via nvidia-cusolver-cu11
    # via tensorflow
    # via tensorrt
nvidia-cublas-cu12==12.1.3.1
    # via nvidia-cudnn-cu12
    # via nvidia-cusolver-cu12
    # via torch
nvidia-cuda-cupti-cu11==11.8.87
    # via tensorflow
nvidia-cuda-cupti-cu12==12.1.105
    # via torch
nvidia-cuda-nvcc-cu11==11.8.89
    # via tensorflow
nvidia-cuda-nvrtc-cu12==12.1.105
    # via torch
nvidia-cuda-runtime-cu11==11.8.89
    # via tensorflow
    # via tensorrt
nvidia-cuda-runtime-cu12==12.1.105
    # via torch
nvidia-cudnn-cu11==8.7.0.84
    # via tensorflow
    # via tensorrt
nvidia-cudnn-cu12==8.9.2.26
    # via torch
nvidia-cufft-cu11==10.9.0.58
    # via tensorflow
nvidia-cufft-cu12==11.0.2.54
    # via torch
nvidia-curand-cu11==10.3.0.86
    # via tensorflow
nvidia-curand-cu12==10.3.2.106
    # via torch
nvidia-cusolver-cu11==11.4.1.48
    # via tensorflow
nvidia-cusolver-cu12==11.4.5.107
    # via torch
nvidia-cusparse-cu11==11.7.5.86
    # via tensorflow
nvidia-cusparse-cu12==12.1.0.106
    # via nvidia-cusolver-cu12
    # via torch
nvidia-nccl-cu11==2.16.5
    # via tensorflow
nvidia-nccl-cu12==2.19.3
    # via torch
nvidia-nvjitlink-cu12==12.5.40
    # via nvidia-cusolver-cu12
    # via nvidia-cusparse-cu12
nvidia-nvtx-cu12==12.1.105
    # via torch
oauthlib==3.2.2
    # via requests-oauthlib
omegaconf==2.3.0
    # via hydra-core
onnx==1.16.1
    # via iv-q4-birdclef-2024
onnxruntime==1.18.0
    # via iv-q4-birdclef-2024
opt-einsum==3.3.0
    # via tensorflow
overrides==7.7.0
    # via jupyter-server
packaging==24.1
    # via dask
    # via huggingface-hub
    # via hydra-core
    # via ipykernel
    # via jupyter-server
    # via jupyterlab
    # via jupyterlab-server
    # via kornia
    # via lazy-loader
    # via matplotlib
    # via nbconvert
    # via onnxruntime
    # via plotly
    # via pooch
    # via pytest
    # via qtconsole
    # via qtpy
    # via tensorflow
pandas==2.2.2
    # via dask-expr
    # via iv-q4-birdclef-2024
    # via seaborn
pandocfilters==1.5.1
    # via nbconvert
parso==0.8.4
    # via jedi
partd==1.4.2
    # via dask
pexpect==4.9.0
    # via ipython
pillow==10.3.0
    # via matplotlib
    # via torchvision
platformdirs==4.2.2
    # via jupyter-core
    # via pooch
    # via virtualenv
    # via wandb
plotly==5.22.0
    # via iv-q4-birdclef-2024
pluggy==1.5.0
    # via pytest
pooch==1.8.2
    # via librosa
pre-commit==3.7.1
prometheus-client==0.20.0
    # via jupyter-server
prompt-toolkit==3.0.47
    # via ipython
    # via jupyter-console
protobuf==4.25.3
    # via onnx
    # via onnxruntime
    # via tensorboard
    # via tensorflow
    # via tensorflow-hub
    # via wandb
psutil==5.9.8
    # via ipykernel
    # via wandb
ptyprocess==0.7.0
    # via pexpect
    # via terminado
pure-eval==0.2.2
    # via stack-data
pyarrow==16.1.0
    # via dask-expr
pyasn1==0.6.0
    # via pyasn1-modules
    # via rsa
pyasn1-modules==0.4.0
    # via google-auth
pycparser==2.22
    # via cffi
pygments==2.18.0
    # via ipython
    # via jupyter-console
    # via nbconvert
    # via qtconsole
pyparsing==3.1.2
    # via matplotlib
pytest==8.2.2
    # via pytest-cov
pytest-cov==5.0.0
python-dateutil==2.9.0.post0
    # via arrow
    # via jupyter-client
    # via kaggle
    # via matplotlib
    # via pandas
python-json-logger==2.0.7
    # via jupyter-events
python-slugify==8.0.4
    # via kaggle
pytz==2024.1
    # via pandas
pyyaml==6.0.1
    # via dask
    # via huggingface-hub
    # via jupyter-events
    # via omegaconf
    # via pre-commit
    # via timm
    # via wandb
pyzmq==26.0.3
    # via ipykernel
    # via jupyter-client
    # via jupyter-console
    # via jupyter-server
    # via qtconsole
qtconsole==5.5.2
    # via jupyter
qtpy==2.4.1
    # via qtconsole
randomname==0.2.1
    # via iv-q4-birdclef-2024
referencing==0.35.1
    # via jsonschema
    # via jsonschema-specifications
    # via jupyter-events
requests==2.32.3
    # via huggingface-hub
    # via jupyterlab-server
    # via kaggle
    # via pooch
    # via requests-oauthlib
    # via tensorboard
    # via wandb
requests-oauthlib==2.0.0
    # via google-auth-oauthlib
rfc3339-validator==0.1.4
    # via jsonschema
    # via jupyter-events
rfc3986-validator==0.1.1
    # via jsonschema
    # via jupyter-events
rpds-py==0.18.1
    # via jsonschema
    # via referencing
rsa==4.9
    # via google-auth
safetensors==0.4.3
    # via timm
scikit-learn==1.5.0
    # via iv-q4-birdclef-2024
    # via librosa
scipy==1.12.0
    # via audiomentations
    # via iv-q4-birdclef-2024
    # via librosa
    # via scikit-learn
seaborn==0.13.2
    # via iv-q4-birdclef-2024
send2trash==1.8.3
    # via jupyter-server
sentry-sdk==2.5.1
    # via wandb
setproctitle==1.3.3
    # via wandb
setuptools==70.0.0
    # via jupyterlab
    # via tensorboard
    # via tensorflow
    # via wandb
six==1.16.0
    # via asttokens
    # via astunparse
    # via bleach
    # via docker-pycreds
    # via fire
    # via google-pasta
    # via kaggle
    # via python-dateutil
    # via rfc3339-validator
    # via tensorboard
    # via tensorflow
smmap==5.0.1
    # via gitdb
sniffio==1.3.1
    # via anyio
    # via httpx
soundfile==0.12.1
    # via librosa
soupsieve==2.5
    # via beautifulsoup4
soxr==0.3.7
    # via audiomentations
    # via librosa
sparsemax==0.1.9
    # via iv-q4-birdclef-2024
stack-data==0.6.3
    # via ipython
sympy==1.12.1
    # via onnxruntime
    # via torch
tenacity==8.4.0
    # via plotly
tensorboard==2.14.1
    # via tensorflow
tensorboard-data-server==0.7.2
    # via tensorboard
tensorflow==2.14.0
tensorflow-estimator==2.14.0
    # via tensorflow
tensorflow-hub==0.16.1
tensorflow-io-gcs-filesystem==0.37.0
    # via tensorflow
tensorrt==8.5.3.1
    # via tensorflow
termcolor==2.4.0
    # via fire
    # via tensorflow
terminado==0.18.1
    # via jupyter-server
    # via jupyter-server-terminals
text-unidecode==1.3
    # via python-slugify
tf-keras==2.15.0
    # via tensorflow-hub
threadpoolctl==3.5.0
    # via scikit-learn
timm==1.0.3
    # via iv-q4-birdclef-2024
tinycss2==1.3.0
    # via nbconvert
tomli==2.0.1
    # via coverage
    # via jupyterlab
    # via pytest
toolz==0.12.1
    # via dask
    # via partd
torch==2.2.2+cu121
    # via epochalyst
    # via iv-q4-birdclef-2024
    # via kornia
    # via sparsemax
    # via timm
    # via torchaudio
    # via torchvision
torchaudio==2.2.2+cu121
    # via iv-q4-birdclef-2024
torchvision==0.17.2+cu121
    # via iv-q4-birdclef-2024
    # via timm
tornado==6.4.1
    # via ipykernel
    # via jupyter-client
    # via jupyter-server
    # via jupyterlab
    # via notebook
    # via terminado
tqdm==4.66.4
    # via huggingface-hub
    # via iv-q4-birdclef-2024
    # via kaggle
traitlets==5.14.3
    # via comm
    # via ipykernel
    # via ipython
    # via ipywidgets
    # via jupyter-client
    # via jupyter-console
    # via jupyter-core
    # via jupyter-events
    # via jupyter-server
    # via jupyterlab
    # via matplotlib-inline
    # via nbclient
    # via nbconvert
    # via nbformat
    # via qtconsole
triton==2.2.0
    # via torch
types-python-dateutil==2.9.0.20240316
    # via arrow
typing-extensions==4.12.2
    # via anyio
    # via async-lru
    # via huggingface-hub
    # via ipython
    # via iv-q4-birdclef-2024
    # via librosa
    # via tensorflow
    # via torch
tzdata==2024.1
    # via pandas
uri-template==1.3.0
    # via jsonschema
urllib3==2.2.1
    # via kaggle
    # via requests
    # via sentry-sdk
virtualenv==20.26.2
    # via pre-commit
wandb==0.17.1
    # via iv-q4-birdclef-2024
wcwidth==0.2.13
    # via prompt-toolkit
webcolors==24.6.0
    # via jsonschema
webencodings==0.5.1
    # via bleach
    # via tinycss2
websocket-client==1.8.0
    # via jupyter-server
werkzeug==3.0.3
    # via tensorboard
wheel==0.43.0
    # via astunparse
widgetsnbextension==4.0.11
    # via ipywidgets
wrapt==1.14.1
    # via tensorflow
xeno-canto==3.0
yarl==1.9.4
    # via aiohttp
zipp==3.19.2
    # via importlib-metadata
